
Microsoft Visual Studio Solution File, Format Version 12.00
# Visual Studio Version 17
VisualStudioVersion = 17.6.33712.159
MinimumVisualStudioVersion = 10.0.40219.1
Project("{FAE04EC0-301F-11D3-BF4B-00C04F79EFBC}") = "AzureTableDemo", "AzureTableDemo.csproj", "{5425CF07-59C2-4958-873D-31B022E6752F}"
EndProject
Global
	GlobalSection(SolutionConfigurationPlatforms) = preSolution
		Debug|Any CPU = Debug|Any CPU
		Release|Any CPU = Release|Any CPU
	EndGlobalSection
	GlobalSection(ProjectConfigurationPlatforms) = postSolution
		{5425CF07-59C2-4958-873D-31B022E6752F}.Debug|Any CPU.ActiveCfg = Debug|Any CPU
		{5425CF07-59C2-4958-873D-31B022E6752F}.Debug|Any CPU.Build.0 = Debug|Any CPU
		{5425CF07-59C2-4958-873D-31B022E6752F}.Release|Any CPU.ActiveCfg = Release|Any CPU
		{5425CF07-59C2-4958-873D-31B022E6752F}.Release|Any CPU.Build.0 = Release|Any CPU
	EndGlobalSection
	GlobalSection(SolutionProperties) = preSolution
		HideSolutionNode = FALSE
	EndGlobalSection
	GlobalSection(ExtensibilityGlobals) = postSolution
		SolutionGuid = {347E238D-1E2D-4728-9230-178B8DFD7065}
	EndGlobalSection
EndGlobal
